
Microsoft Visual Studio Solution File, Format Version 12.00
# Visual Studio Version 17
VisualStudioVersion = 17.1.32328.378
MinimumVisualStudioVersion = 10.0.40219.1
Project("{9A19103F-16F7-4668-BE54-9A1E7A4F7556}") = "Sensit.TestSDK", "Sensit.TestSDK\Sensit.TestSDK.csproj", "{A147B18E-A3F8-4B5D-A963-6A4E8189AB88}"
EndProject
Project("{9A19103F-16F7-4668-BE54-9A1E7A4F7556}") = "UnitTests", "UnitTests\UnitTests.csproj", "{618F2948-45D1-4AD5-94DF-B5FB617B9E77}"
EndProject
Project("{9A19103F-16F7-4668-BE54-9A1E7A4F7556}") = "Sensit.App.MassFlow", "Sensit.App.MassFlow\Sensit.App.MassFlow.csproj", "{496EA5DF-44D3-4CBE-9BB5-A2542C219928}"
EndProject
Project("{9A19103F-16F7-4668-BE54-9A1E7A4F7556}") = "Sensit.App.Automate", "Sensit.App.Automate\Sensit.App.Automate.csproj", "{1065271E-2906-499B-A9FA-43BFB1EB218B}"
EndProject
Project("{9A19103F-16F7-4668-BE54-9A1E7A4F7556}") = "Sensit.App.GasMixer", "Sensit.App.GasMixer\Sensit.App.GasMixer.csproj", "{172798F2-78C7-4AFB-8F28-B713CFA8E125}"
EndProject
Project("{9A19103F-16F7-4668-BE54-9A1E7A4F7556}") = "Sensit.App.PowerSupply", "Sensit.App.PowerSupply\Sensit.App.PowerSupply.csproj", "{596CE27B-6503-49DB-A93A-7105C908BFBF}"
EndProject
Project("{9A19103F-16F7-4668-BE54-9A1E7A4F7556}") = "Sensit.App.Programmer", "Sensit.App.Programmer\Sensit.App.Programmer.csproj", "{DAE7BC16-2B74-4897-9923-4D451D3439CE}"
EndProject
Project("{9A19103F-16F7-4668-BE54-9A1E7A4F7556}") = "Sensit.App.GPS", "Sensit.App.GPS\Sensit.App.GPS.csproj", "{E5A3814B-02B0-4733-BCA6-D9771EE5F1AD}"
EndProject
Project("{9A19103F-16F7-4668-BE54-9A1E7A4F7556}") = "Sensit.App.Log", "Sensit.App.Log\Sensit.App.Log.csproj", "{721F0804-A66E-4C3C-A00C-61B72AE089BB}"
EndProject
Global
	GlobalSection(SolutionConfigurationPlatforms) = preSolution
		Debug|Any CPU = Debug|Any CPU
		Release|Any CPU = Release|Any CPU
		Remote Debug|Any CPU = Remote Debug|Any CPU
	EndGlobalSection
	GlobalSection(ProjectConfigurationPlatforms) = postSolution
		{A147B18E-A3F8-4B5D-A963-6A4E8189AB88}.Debug|Any CPU.ActiveCfg = Debug|Any CPU
		{A147B18E-A3F8-4B5D-A963-6A4E8189AB88}.Debug|Any CPU.Build.0 = Debug|Any CPU
		{A147B18E-A3F8-4B5D-A963-6A4E8189AB88}.Release|Any CPU.ActiveCfg = Release|Any CPU
		{A147B18E-A3F8-4B5D-A963-6A4E8189AB88}.Release|Any CPU.Build.0 = Release|Any CPU
		{A147B18E-A3F8-4B5D-A963-6A4E8189AB88}.Remote Debug|Any CPU.ActiveCfg = Remote Debug|Any CPU
		{A147B18E-A3F8-4B5D-A963-6A4E8189AB88}.Remote Debug|Any CPU.Build.0 = Remote Debug|Any CPU
		{618F2948-45D1-4AD5-94DF-B5FB617B9E77}.Debug|Any CPU.ActiveCfg = Debug|Any CPU
		{618F2948-45D1-4AD5-94DF-B5FB617B9E77}.Debug|Any CPU.Build.0 = Debug|Any CPU
		{618F2948-45D1-4AD5-94DF-B5FB617B9E77}.Release|Any CPU.ActiveCfg = Release|Any CPU
		{618F2948-45D1-4AD5-94DF-B5FB617B9E77}.Release|Any CPU.Build.0 = Release|Any CPU
		{618F2948-45D1-4AD5-94DF-B5FB617B9E77}.Remote Debug|Any CPU.ActiveCfg = Remote Debug|Any CPU
		{618F2948-45D1-4AD5-94DF-B5FB617B9E77}.Remote Debug|Any CPU.Build.0 = Remote Debug|Any CPU
		{496EA5DF-44D3-4CBE-9BB5-A2542C219928}.Debug|Any CPU.ActiveCfg = Debug|Any CPU
		{496EA5DF-44D3-4CBE-9BB5-A2542C219928}.Debug|Any CPU.Build.0 = Debug|Any CPU
		{496EA5DF-44D3-4CBE-9BB5-A2542C219928}.Release|Any CPU.ActiveCfg = Release|Any CPU
		{496EA5DF-44D3-4CBE-9BB5-A2542C219928}.Release|Any CPU.Build.0 = Release|Any CPU
		{496EA5DF-44D3-4CBE-9BB5-A2542C219928}.Remote Debug|Any CPU.ActiveCfg = Remote Debug|Any CPU
		{496EA5DF-44D3-4CBE-9BB5-A2542C219928}.Remote Debug|Any CPU.Build.0 = Remote Debug|Any CPU
		{1065271E-2906-499B-A9FA-43BFB1EB218B}.Debug|Any CPU.ActiveCfg = Debug|Any CPU
		{1065271E-2906-499B-A9FA-43BFB1EB218B}.Debug|Any CPU.Build.0 = Debug|Any CPU
		{1065271E-2906-499B-A9FA-43BFB1EB218B}.Release|Any CPU.ActiveCfg = Release|Any CPU
		{1065271E-2906-499B-A9FA-43BFB1EB218B}.Release|Any CPU.Build.0 = Release|Any CPU
		{1065271E-2906-499B-A9FA-43BFB1EB218B}.Remote Debug|Any CPU.ActiveCfg = Remote Debug|Any CPU
		{1065271E-2906-499B-A9FA-43BFB1EB218B}.Remote Debug|Any CPU.Build.0 = Remote Debug|Any CPU
		{172798F2-78C7-4AFB-8F28-B713CFA8E125}.Debug|Any CPU.ActiveCfg = Debug|Any CPU
		{172798F2-78C7-4AFB-8F28-B713CFA8E125}.Debug|Any CPU.Build.0 = Debug|Any CPU
		{172798F2-78C7-4AFB-8F28-B713CFA8E125}.Release|Any CPU.ActiveCfg = Release|Any CPU
		{172798F2-78C7-4AFB-8F28-B713CFA8E125}.Release|Any CPU.Build.0 = Release|Any CPU
		{172798F2-78C7-4AFB-8F28-B713CFA8E125}.Remote Debug|Any CPU.ActiveCfg = Remote Debug|Any CPU
		{172798F2-78C7-4AFB-8F28-B713CFA8E125}.Remote Debug|Any CPU.Build.0 = Remote Debug|Any CPU
		{596CE27B-6503-49DB-A93A-7105C908BFBF}.Debug|Any CPU.ActiveCfg = Debug|Any CPU
		{596CE27B-6503-49DB-A93A-7105C908BFBF}.Debug|Any CPU.Build.0 = Debug|Any CPU
		{596CE27B-6503-49DB-A93A-7105C908BFBF}.Release|Any CPU.ActiveCfg = Release|Any CPU
		{596CE27B-6503-49DB-A93A-7105C908BFBF}.Release|Any CPU.Build.0 = Release|Any CPU
		{596CE27B-6503-49DB-A93A-7105C908BFBF}.Remote Debug|Any CPU.ActiveCfg = Remote Debug|Any CPU
		{596CE27B-6503-49DB-A93A-7105C908BFBF}.Remote Debug|Any CPU.Build.0 = Remote Debug|Any CPU
		{DAE7BC16-2B74-4897-9923-4D451D3439CE}.Debug|Any CPU.ActiveCfg = Debug|Any CPU
		{DAE7BC16-2B74-4897-9923-4D451D3439CE}.Debug|Any CPU.Build.0 = Debug|Any CPU
		{DAE7BC16-2B74-4897-9923-4D451D3439CE}.Release|Any CPU.ActiveCfg = Release|Any CPU
		{DAE7BC16-2B74-4897-9923-4D451D3439CE}.Release|Any CPU.Build.0 = Release|Any CPU
		{DAE7BC16-2B74-4897-9923-4D451D3439CE}.Remote Debug|Any CPU.ActiveCfg = Debug|Any CPU
		{DAE7BC16-2B74-4897-9923-4D451D3439CE}.Remote Debug|Any CPU.Build.0 = Debug|Any CPU
		{E5A3814B-02B0-4733-BCA6-D9771EE5F1AD}.Debug|Any CPU.ActiveCfg = Debug|Any CPU
		{E5A3814B-02B0-4733-BCA6-D9771EE5F1AD}.Debug|Any CPU.Build.0 = Debug|Any CPU
		{E5A3814B-02B0-4733-BCA6-D9771EE5F1AD}.Release|Any CPU.ActiveCfg = Release|Any CPU
		{E5A3814B-02B0-4733-BCA6-D9771EE5F1AD}.Release|Any CPU.Build.0 = Release|Any CPU
		{E5A3814B-02B0-4733-BCA6-D9771EE5F1AD}.Remote Debug|Any CPU.ActiveCfg = Debug|Any CPU
		{E5A3814B-02B0-4733-BCA6-D9771EE5F1AD}.Remote Debug|Any CPU.Build.0 = Debug|Any CPU
		{721F0804-A66E-4C3C-A00C-61B72AE089BB}.Debug|Any CPU.ActiveCfg = Debug|Any CPU
		{721F0804-A66E-4C3C-A00C-61B72AE089BB}.Debug|Any CPU.Build.0 = Debug|Any CPU
		{721F0804-A66E-4C3C-A00C-61B72AE089BB}.Release|Any CPU.ActiveCfg = Release|Any CPU
		{721F0804-A66E-4C3C-A00C-61B72AE089BB}.Release|Any CPU.Build.0 = Release|Any CPU
		{721F0804-A66E-4C3C-A00C-61B72AE089BB}.Remote Debug|Any CPU.ActiveCfg = Release|Any CPU
		{721F0804-A66E-4C3C-A00C-61B72AE089BB}.Remote Debug|Any CPU.Build.0 = Release|Any CPU
	EndGlobalSection
	GlobalSection(SolutionProperties) = preSolution
		HideSolutionNode = FALSE
	EndGlobalSection
	GlobalSection(ExtensibilityGlobals) = postSolution
		SolutionGuid = {CEFAD018-16F6-40EF-A6BC-AA9B05EF0BF3}
	EndGlobalSection
EndGlobal
