
Microsoft Visual Studio Solution File, Format Version 12.00
# Visual Studio Version 16
VisualStudioVersion = 16.0.28729.10
MinimumVisualStudioVersion = 10.0.40219.1
Project("{FAE04EC0-301F-11D3-BF4B-00C04F79EFBC}") = "Sensit.TestSDK", "Sensit.TestSDK\Sensit.TestSDK.csproj", "{A147B18E-A3F8-4B5D-A963-6A4E8189AB88}"
EndProject
Project("{FAE04EC0-301F-11D3-BF4B-00C04F79EFBC}") = "UnitTests", "UnitTests\UnitTests.csproj", "{618F2948-45D1-4AD5-94DF-B5FB617B9E77}"
EndProject
Project("{FAE04EC0-301F-11D3-BF4B-00C04F79EFBC}") = "Sensit.App.MassFlow", "Sensit.App.MassFlow\Sensit.App.MassFlow.csproj", "{496EA5DF-44D3-4CBE-9BB5-A2542C219928}"
EndProject
Project("{FAE04EC0-301F-11D3-BF4B-00C04F79EFBC}") = "Sensit.App.Keysight", "Sensit.App.Keysight_34972A\Sensit.App.Keysight.csproj", "{381261C0-3C4A-41FA-B903-FBB015221BFA}"
EndProject
Project("{FAE04EC0-301F-11D3-BF4B-00C04F79EFBC}") = "Sensit.App.Calibration", "Sensit.App.Calibration\Sensit.App.Calibration.csproj", "{1065271E-2906-499B-A9FA-43BFB1EB218B}"
EndProject
Project("{FAE04EC0-301F-11D3-BF4B-00C04F79EFBC}") = "Sensit.App.GasConcentration", "Sensit.App.GasConcentration\Sensit.App.GasConcentration.csproj", "{172798F2-78C7-4AFB-8F28-B713CFA8E125}"
EndProject
Project("{FAE04EC0-301F-11D3-BF4B-00C04F79EFBC}") = "Sensit.App.G3Console", "Sensit.App.G3Console\Sensit.App.G3Console.csproj", "{55287E39-3D25-4D00-BE0B-FD3170B028B0}"
EndProject
Project("{FAE04EC0-301F-11D3-BF4B-00C04F79EFBC}") = "Sensit.App.WebSensors", "Sensit.App.WebSensors\Sensit.App.WebSensors.csproj", "{EF6B5909-0869-4511-BA0A-7C8B38CC4D7C}"
EndProject
Project("{FAE04EC0-301F-11D3-BF4B-00C04F79EFBC}") = "Sensit.App.G2GLT", "Sensit.App.G2GLT\Sensit.App.G2GLT.csproj", "{A753E264-0128-4F85-8889-905218232E90}"
EndProject
Global
	GlobalSection(SolutionConfigurationPlatforms) = preSolution
		Debug|Any CPU = Debug|Any CPU
		Release|Any CPU = Release|Any CPU
		Remote Debug|Any CPU = Remote Debug|Any CPU
	EndGlobalSection
	GlobalSection(ProjectConfigurationPlatforms) = postSolution
		{A147B18E-A3F8-4B5D-A963-6A4E8189AB88}.Debug|Any CPU.ActiveCfg = Debug|Any CPU
		{A147B18E-A3F8-4B5D-A963-6A4E8189AB88}.Debug|Any CPU.Build.0 = Debug|Any CPU
		{A147B18E-A3F8-4B5D-A963-6A4E8189AB88}.Release|Any CPU.ActiveCfg = Release|Any CPU
		{A147B18E-A3F8-4B5D-A963-6A4E8189AB88}.Release|Any CPU.Build.0 = Release|Any CPU
		{A147B18E-A3F8-4B5D-A963-6A4E8189AB88}.Remote Debug|Any CPU.ActiveCfg = Remote Debug|Any CPU
		{A147B18E-A3F8-4B5D-A963-6A4E8189AB88}.Remote Debug|Any CPU.Build.0 = Remote Debug|Any CPU
		{618F2948-45D1-4AD5-94DF-B5FB617B9E77}.Debug|Any CPU.ActiveCfg = Debug|Any CPU
		{618F2948-45D1-4AD5-94DF-B5FB617B9E77}.Debug|Any CPU.Build.0 = Debug|Any CPU
		{618F2948-45D1-4AD5-94DF-B5FB617B9E77}.Release|Any CPU.ActiveCfg = Release|Any CPU
		{618F2948-45D1-4AD5-94DF-B5FB617B9E77}.Release|Any CPU.Build.0 = Release|Any CPU
		{618F2948-45D1-4AD5-94DF-B5FB617B9E77}.Remote Debug|Any CPU.ActiveCfg = Remote Debug|Any CPU
		{618F2948-45D1-4AD5-94DF-B5FB617B9E77}.Remote Debug|Any CPU.Build.0 = Remote Debug|Any CPU
		{496EA5DF-44D3-4CBE-9BB5-A2542C219928}.Debug|Any CPU.ActiveCfg = Debug|Any CPU
		{496EA5DF-44D3-4CBE-9BB5-A2542C219928}.Debug|Any CPU.Build.0 = Debug|Any CPU
		{496EA5DF-44D3-4CBE-9BB5-A2542C219928}.Release|Any CPU.ActiveCfg = Release|Any CPU
		{496EA5DF-44D3-4CBE-9BB5-A2542C219928}.Release|Any CPU.Build.0 = Release|Any CPU
		{496EA5DF-44D3-4CBE-9BB5-A2542C219928}.Remote Debug|Any CPU.ActiveCfg = Remote Debug|Any CPU
		{496EA5DF-44D3-4CBE-9BB5-A2542C219928}.Remote Debug|Any CPU.Build.0 = Remote Debug|Any CPU
		{381261C0-3C4A-41FA-B903-FBB015221BFA}.Debug|Any CPU.ActiveCfg = Debug|Any CPU
		{381261C0-3C4A-41FA-B903-FBB015221BFA}.Debug|Any CPU.Build.0 = Debug|Any CPU
		{381261C0-3C4A-41FA-B903-FBB015221BFA}.Release|Any CPU.ActiveCfg = Release|Any CPU
		{381261C0-3C4A-41FA-B903-FBB015221BFA}.Release|Any CPU.Build.0 = Release|Any CPU
		{381261C0-3C4A-41FA-B903-FBB015221BFA}.Remote Debug|Any CPU.ActiveCfg = Remote Debug|Any CPU
		{381261C0-3C4A-41FA-B903-FBB015221BFA}.Remote Debug|Any CPU.Build.0 = Remote Debug|Any CPU
		{1065271E-2906-499B-A9FA-43BFB1EB218B}.Debug|Any CPU.ActiveCfg = Debug|Any CPU
		{1065271E-2906-499B-A9FA-43BFB1EB218B}.Debug|Any CPU.Build.0 = Debug|Any CPU
		{1065271E-2906-499B-A9FA-43BFB1EB218B}.Release|Any CPU.ActiveCfg = Release|Any CPU
		{1065271E-2906-499B-A9FA-43BFB1EB218B}.Release|Any CPU.Build.0 = Release|Any CPU
		{1065271E-2906-499B-A9FA-43BFB1EB218B}.Remote Debug|Any CPU.ActiveCfg = Remote Debug|Any CPU
		{1065271E-2906-499B-A9FA-43BFB1EB218B}.Remote Debug|Any CPU.Build.0 = Remote Debug|Any CPU
		{172798F2-78C7-4AFB-8F28-B713CFA8E125}.Debug|Any CPU.ActiveCfg = Debug|Any CPU
		{172798F2-78C7-4AFB-8F28-B713CFA8E125}.Debug|Any CPU.Build.0 = Debug|Any CPU
		{172798F2-78C7-4AFB-8F28-B713CFA8E125}.Release|Any CPU.ActiveCfg = Release|Any CPU
		{172798F2-78C7-4AFB-8F28-B713CFA8E125}.Release|Any CPU.Build.0 = Release|Any CPU
		{172798F2-78C7-4AFB-8F28-B713CFA8E125}.Remote Debug|Any CPU.ActiveCfg = Remote Debug|Any CPU
		{172798F2-78C7-4AFB-8F28-B713CFA8E125}.Remote Debug|Any CPU.Build.0 = Remote Debug|Any CPU
		{55287E39-3D25-4D00-BE0B-FD3170B028B0}.Debug|Any CPU.ActiveCfg = Debug|Any CPU
		{55287E39-3D25-4D00-BE0B-FD3170B028B0}.Debug|Any CPU.Build.0 = Debug|Any CPU
		{55287E39-3D25-4D00-BE0B-FD3170B028B0}.Release|Any CPU.ActiveCfg = Release|Any CPU
		{55287E39-3D25-4D00-BE0B-FD3170B028B0}.Release|Any CPU.Build.0 = Release|Any CPU
		{55287E39-3D25-4D00-BE0B-FD3170B028B0}.Remote Debug|Any CPU.ActiveCfg = Debug|Any CPU
		{55287E39-3D25-4D00-BE0B-FD3170B028B0}.Remote Debug|Any CPU.Build.0 = Debug|Any CPU
		{EF6B5909-0869-4511-BA0A-7C8B38CC4D7C}.Debug|Any CPU.ActiveCfg = Debug|Any CPU
		{EF6B5909-0869-4511-BA0A-7C8B38CC4D7C}.Debug|Any CPU.Build.0 = Debug|Any CPU
		{EF6B5909-0869-4511-BA0A-7C8B38CC4D7C}.Release|Any CPU.ActiveCfg = Release|Any CPU
		{EF6B5909-0869-4511-BA0A-7C8B38CC4D7C}.Release|Any CPU.Build.0 = Release|Any CPU
		{EF6B5909-0869-4511-BA0A-7C8B38CC4D7C}.Remote Debug|Any CPU.ActiveCfg = Debug|Any CPU
		{EF6B5909-0869-4511-BA0A-7C8B38CC4D7C}.Remote Debug|Any CPU.Build.0 = Debug|Any CPU
		{A753E264-0128-4F85-8889-905218232E90}.Debug|Any CPU.ActiveCfg = Debug|Any CPU
		{A753E264-0128-4F85-8889-905218232E90}.Debug|Any CPU.Build.0 = Debug|Any CPU
		{A753E264-0128-4F85-8889-905218232E90}.Release|Any CPU.ActiveCfg = Release|Any CPU
		{A753E264-0128-4F85-8889-905218232E90}.Release|Any CPU.Build.0 = Release|Any CPU
		{A753E264-0128-4F85-8889-905218232E90}.Remote Debug|Any CPU.ActiveCfg = Debug|Any CPU
		{A753E264-0128-4F85-8889-905218232E90}.Remote Debug|Any CPU.Build.0 = Debug|Any CPU
	EndGlobalSection
	GlobalSection(SolutionProperties) = preSolution
		HideSolutionNode = FALSE
	EndGlobalSection
	GlobalSection(ExtensibilityGlobals) = postSolution
		SolutionGuid = {CEFAD018-16F6-40EF-A6BC-AA9B05EF0BF3}
	EndGlobalSection
EndGlobal
